
Microsoft Visual Studio Solution File, Format Version 12.00
# Visual Studio Version 16
VisualStudioVersion = 16.0.30907.101
MinimumVisualStudioVersion = 10.0.40219.1
Project("{FAE04EC0-301F-11D3-BF4B-00C04F79EFBC}") = "BlazorApp1", "BlazorApp1\BlazorApp1.csproj", "{2B2BB285-881C-4BAF-A172-9117462A4E0C}"
EndProject
Global
	GlobalSection(SolutionConfigurationPlatforms) = preSolution
		Debug|Any CPU = Debug|Any CPU
		Release|Any CPU = Release|Any CPU
	EndGlobalSection
	GlobalSection(ProjectConfigurationPlatforms) = postSolution
		{2B2BB285-881C-4BAF-A172-9117462A4E0C}.Debug|Any CPU.ActiveCfg = Debug|Any CPU
		{2B2BB285-881C-4BAF-A172-9117462A4E0C}.Debug|Any CPU.Build.0 = Debug|Any CPU
		{2B2BB285-881C-4BAF-A172-9117462A4E0C}.Release|Any CPU.ActiveCfg = Release|Any CPU
		{2B2BB285-881C-4BAF-A172-9117462A4E0C}.Release|Any CPU.Build.0 = Release|Any CPU
	EndGlobalSection
	GlobalSection(SolutionProperties) = preSolution
		HideSolutionNode = FALSE
	EndGlobalSection
	GlobalSection(ExtensibilityGlobals) = postSolution
		SolutionGuid = {DB28C723-BF0E-4DD1-B6DB-72929D40955F}
	EndGlobalSection
EndGlobal
